Microsoft Visual Studio Solution File, Format Version 12.00
# Visual Studio Version 17
VisualStudioVersion = 17.5.2.0
MinimumVisualStudioVersion = 10.0.40219.1
Project("{FAE04EC0-301F-11D3-BF4B-00C04F79EFBC}") = "FilmProjem", "FilmProjem.csproj", "{5613E737-F502-BAFF-D1F6-CE24F72B85E2}"
EndProject
Global
	GlobalSection(SolutionConfigurationPlatforms) = preSolution
		Debug|Any CPU = Debug|Any CPU
		Release|Any CPU = Release|Any CPU
	EndGlobalSection
	GlobalSection(ProjectConfigurationPlatforms) = postSolution
		{5613E737-F502-BAFF-D1F6-CE24F72B85E2}.Debug|Any CPU.ActiveCfg = Debug|Any CPU
		{5613E737-F502-BAFF-D1F6-CE24F72B85E2}.Debug|Any CPU.Build.0 = Debug|Any CPU
		{5613E737-F502-BAFF-D1F6-CE24F72B85E2}.Release|Any CPU.ActiveCfg = Release|Any CPU
		{5613E737-F502-BAFF-D1F6-CE24F72B85E2}.Release|Any CPU.Build.0 = Release|Any CPU
	EndGlobalSection
	GlobalSection(SolutionProperties) = preSolution
		HideSolutionNode = FALSE
	EndGlobalSection
	GlobalSection(ExtensibilityGlobals) = postSolution
		SolutionGuid = {E084FC05-07F5-42CB-8D5C-3C0A114DB361}
	EndGlobalSection
EndGlobal
